
Microsoft Visual Studio Solution File, Format Version 12.00
# Visual Studio Version 17
VisualStudioVersion = 17.14.36408.4
MinimumVisualStudioVersion = 10.0.40219.1
Project("{FAE04EC0-301F-11D3-BF4B-00C04F79EFBC}") = "Bank.WebAPI", "Bank.WebAPI\Bank.WebAPI.csproj", "{301DC2D2-5118-49E2-B151-FE7ACFFBE8D2}"
EndProject
Project("{FAE04EC0-301F-11D3-BF4B-00C04F79EFBC}") = "Bank.Domain", "Bank.Domain\Bank.Domain.csproj", "{37C9888B-EE0A-44A6-ADF0-146FA79A9D6A}"
EndProject
Project("{FAE04EC0-301F-11D3-BF4B-00C04F79EFBC}") = "Bank.Application", "Bank.Application\Bank.Application.csproj", "{8FF9466C-66BF-40B2-B87B-7F29E6D4FC3A}"
EndProject
Project("{FAE04EC0-301F-11D3-BF4B-00C04F79EFBC}") = "Bank.Infrastructure", "Bank.Infrastructure\Bank.Infrastructure.csproj", "{ED986D14-14E9-4617-853D-2695DA814EC5}"
EndProject
Project("{FAE04EC0-301F-11D3-BF4B-00C04F79EFBC}") = "Bank.Infrastructure.Test", "Bank.Infrastructure.Test\Bank.Infrastructure.Test.csproj", "{105B1EDE-E2CB-4175-9CE4-653B32015126}"
EndProject
Global
	GlobalSection(SolutionConfigurationPlatforms) = preSolution
		Debug|Any CPU = Debug|Any CPU
		Release|Any CPU = Release|Any CPU
	EndGlobalSection
	GlobalSection(ProjectConfigurationPlatforms) = postSolution
		{301DC2D2-5118-49E2-B151-FE7ACFFBE8D2}.Debug|Any CPU.ActiveCfg = Debug|Any CPU
		{301DC2D2-5118-49E2-B151-FE7ACFFBE8D2}.Debug|Any CPU.Build.0 = Debug|Any CPU
		{301DC2D2-5118-49E2-B151-FE7ACFFBE8D2}.Release|Any CPU.ActiveCfg = Release|Any CPU
		{301DC2D2-5118-49E2-B151-FE7ACFFBE8D2}.Release|Any CPU.Build.0 = Release|Any CPU
		{37C9888B-EE0A-44A6-ADF0-146FA79A9D6A}.Debug|Any CPU.ActiveCfg = Debug|Any CPU
		{37C9888B-EE0A-44A6-ADF0-146FA79A9D6A}.Debug|Any CPU.Build.0 = Debug|Any CPU
		{37C9888B-EE0A-44A6-ADF0-146FA79A9D6A}.Release|Any CPU.ActiveCfg = Release|Any CPU
		{37C9888B-EE0A-44A6-ADF0-146FA79A9D6A}.Release|Any CPU.Build.0 = Release|Any CPU
		{8FF9466C-66BF-40B2-B87B-7F29E6D4FC3A}.Debug|Any CPU.ActiveCfg = Debug|Any CPU
		{8FF9466C-66BF-40B2-B87B-7F29E6D4FC3A}.Debug|Any CPU.Build.0 = Debug|Any CPU
		{8FF9466C-66BF-40B2-B87B-7F29E6D4FC3A}.Release|Any CPU.ActiveCfg = Release|Any CPU
		{8FF9466C-66BF-40B2-B87B-7F29E6D4FC3A}.Release|Any CPU.Build.0 = Release|Any CPU
		{ED986D14-14E9-4617-853D-2695DA814EC5}.Debug|Any CPU.ActiveCfg = Debug|Any CPU
		{ED986D14-14E9-4617-853D-2695DA814EC5}.Debug|Any CPU.Build.0 = Debug|Any CPU
		{ED986D14-14E9-4617-853D-2695DA814EC5}.Release|Any CPU.ActiveCfg = Release|Any CPU
		{ED986D14-14E9-4617-853D-2695DA814EC5}.Release|Any CPU.Build.0 = Release|Any CPU
		{105B1EDE-E2CB-4175-9CE4-653B32015126}.Debug|Any CPU.ActiveCfg = Debug|Any CPU
		{105B1EDE-E2CB-4175-9CE4-653B32015126}.Debug|Any CPU.Build.0 = Debug|Any CPU
		{105B1EDE-E2CB-4175-9CE4-653B32015126}.Release|Any CPU.ActiveCfg = Release|Any CPU
		{105B1EDE-E2CB-4175-9CE4-653B32015126}.Release|Any CPU.Build.0 = Release|Any CPU
	EndGlobalSection
	GlobalSection(SolutionProperties) = preSolution
		HideSolutionNode = FALSE
	EndGlobalSection
	GlobalSection(ExtensibilityGlobals) = postSolution
		SolutionGuid = {EDED054E-54AF-42ED-8B21-A180DE9AABE7}
	EndGlobalSection
EndGlobal
